
Microsoft Visual Studio Solution File, Format Version 12.00
# Visual Studio Version 17
VisualStudioVersion = 17.4.33403.182
MinimumVisualStudioVersion = 10.0.40219.1
Project("{9A19103F-16F7-4668-BE54-9A1E7A4F7556}") = "SmsNotify", "SmsNotify\SmsNotify.csproj", "{E29DB6D5-D5F2-49F9-953E-69AB8BB39B19}"
EndProject
Project("{00D1A9C2-B5F0-4AF3-8072-F6C62B433612}") = "SmsNotifyDatabase", "SmsNotifyDatabase\SmsNotifyDatabase.sqlproj", "{73309EF2-FB49-458A-A95E-49A1BEB214CD}"
EndProject
Project("{FAE04EC0-301F-11D3-BF4B-00C04F79EFBC}") = "SmsNotifyTests", "SmsNotifyTests\SmsNotifyTests.csproj", "{850E5EE0-A226-4391-A4C9-1CC2E3464E34}"
EndProject
Global
	GlobalSection(SolutionConfigurationPlatforms) = preSolution
		Debug|Any CPU = Debug|Any CPU
		Release|Any CPU = Release|Any CPU
	EndGlobalSection
	GlobalSection(ProjectConfigurationPlatforms) = postSolution
		{E29DB6D5-D5F2-49F9-953E-69AB8BB39B19}.Debug|Any CPU.ActiveCfg = Debug|Any CPU
		{E29DB6D5-D5F2-49F9-953E-69AB8BB39B19}.Debug|Any CPU.Build.0 = Debug|Any CPU
		{E29DB6D5-D5F2-49F9-953E-69AB8BB39B19}.Release|Any CPU.ActiveCfg = Release|Any CPU
		{E29DB6D5-D5F2-49F9-953E-69AB8BB39B19}.Release|Any CPU.Build.0 = Release|Any CPU
		{73309EF2-FB49-458A-A95E-49A1BEB214CD}.Debug|Any CPU.ActiveCfg = Debug|Any CPU
		{73309EF2-FB49-458A-A95E-49A1BEB214CD}.Debug|Any CPU.Build.0 = Debug|Any CPU
		{73309EF2-FB49-458A-A95E-49A1BEB214CD}.Debug|Any CPU.Deploy.0 = Debug|Any CPU
		{73309EF2-FB49-458A-A95E-49A1BEB214CD}.Release|Any CPU.ActiveCfg = Release|Any CPU
		{73309EF2-FB49-458A-A95E-49A1BEB214CD}.Release|Any CPU.Build.0 = Release|Any CPU
		{73309EF2-FB49-458A-A95E-49A1BEB214CD}.Release|Any CPU.Deploy.0 = Release|Any CPU
		{850E5EE0-A226-4391-A4C9-1CC2E3464E34}.Debug|Any CPU.ActiveCfg = Debug|Any CPU
		{850E5EE0-A226-4391-A4C9-1CC2E3464E34}.Debug|Any CPU.Build.0 = Debug|Any CPU
		{850E5EE0-A226-4391-A4C9-1CC2E3464E34}.Release|Any CPU.ActiveCfg = Release|Any CPU
		{850E5EE0-A226-4391-A4C9-1CC2E3464E34}.Release|Any CPU.Build.0 = Release|Any CPU
	EndGlobalSection
	GlobalSection(SolutionProperties) = preSolution
		HideSolutionNode = FALSE
	EndGlobalSection
	GlobalSection(ExtensibilityGlobals) = postSolution
		SolutionGuid = {E38064AE-C05B-45A9-BC24-76783E5E00FC}
	EndGlobalSection
EndGlobal
